
Microsoft Visual Studio Solution File, Format Version 12.00
# Visual Studio 2013
VisualStudioVersion = 12.0.30203.2
MinimumVisualStudioVersion = 10.0.40219.1
Project("{FAE04EC0-301F-11D3-BF4B-00C04F79EFBC}") = "OneApi", "OneApi\OneApi.csproj", "{80669C9A-1465-4F15-BA1D-C66B64998DCD}"
EndProject
Project("{FAE04EC0-301F-11D3-BF4B-00C04F79EFBC}") = "OneApi.Tests", "OneApi.Tests\OneApi.Tests.csproj", "{2C3EEC3A-EB0B-46C9-9C23-E56F8B5DE8F2}"
EndProject
Global
	GlobalSection(SolutionConfigurationPlatforms) = preSolution
		Debug|Any CPU = Debug|Any CPU
		Release|Any CPU = Release|Any CPU
	EndGlobalSection
	GlobalSection(ProjectConfigurationPlatforms) = postSolution
		{80669C9A-1465-4F15-BA1D-C66B64998DCD}.Debug|Any CPU.ActiveCfg = Debug|Any CPU
		{80669C9A-1465-4F15-BA1D-C66B64998DCD}.Debug|Any CPU.Build.0 = Debug|Any CPU
		{80669C9A-1465-4F15-BA1D-C66B64998DCD}.Release|Any CPU.ActiveCfg = Release|Any CPU
		{80669C9A-1465-4F15-BA1D-C66B64998DCD}.Release|Any CPU.Build.0 = Release|Any CPU
		{2C3EEC3A-EB0B-46C9-9C23-E56F8B5DE8F2}.Debug|Any CPU.ActiveCfg = Debug|Any CPU
		{2C3EEC3A-EB0B-46C9-9C23-E56F8B5DE8F2}.Debug|Any CPU.Build.0 = Debug|Any CPU
		{2C3EEC3A-EB0B-46C9-9C23-E56F8B5DE8F2}.Release|Any CPU.ActiveCfg = Release|Any CPU
		{2C3EEC3A-EB0B-46C9-9C23-E56F8B5DE8F2}.Release|Any CPU.Build.0 = Release|Any CPU
	EndGlobalSection
	GlobalSection(SolutionProperties) = preSolution
		HideSolutionNode = FALSE
	EndGlobalSection
EndGlobal
